
Microsoft Visual Studio Solution File, Format Version 12.00
# Visual Studio Version 18
VisualStudioVersion = 18.4.11626.88
MinimumVisualStudioVersion = 10.0.40219.1
Project("{2150E333-8FDC-42A3-9474-1A3956D46DE8}") = "01_Agents", "01_Agents", "{02EA681E-C7D8-13C7-8484-4AC65E1B71E8}"
EndProject
Project("{2150E333-8FDC-42A3-9474-1A3956D46DE8}") = "02_Workflows", "02_Workflows", "{8615A254-CFE7-4CA9-8567-13A76318B0F2}"
EndProject
Project("{FAE04EC0-301F-11D3-BF4B-00C04F79EFBC}") = "BasicAgent", "01_Agents\Step01_QuickStart\BasicAgent\BasicAgent.csproj", "{DA76ABCD-A1D5-4272-A2FF-A9050518EC0F}"
EndProject
Project("{2150E333-8FDC-42A3-9474-1A3956D46DE8}") = "00_Shared", "00_Shared", "{4D36698D-8AB2-4C31-8C0F-9E7C59819B5A}"
EndProject
Project("{FAE04EC0-301F-11D3-BF4B-00C04F79EFBC}") = "CommonShared", "00_Shared\CommonShared\CommonShared.csproj", "{253F4172-799A-4EC2-86E4-139D7DCB814E}"
EndProject
Project("{FAE04EC0-301F-11D3-BF4B-00C04F79EFBC}") = "AdvancedAgent", "01_Agents\Step01_QuickStart\AdvancedAgent\AdvancedAgent.csproj", "{0401602B-3071-474B-9D69-AB7B47ACAF45}"
EndProject
Project("{FAE04EC0-301F-11D3-BF4B-00C04F79EFBC}") = "PersistAgentThread", "01_Agents\Step02_Persistence\PersistAgentThread\PersistAgentThread.csproj", "{C8BCD3F5-CDC8-4AEC-8F9F-C8EE48601E6E}"
EndProject
Project("{FAE04EC0-301F-11D3-BF4B-00C04F79EFBC}") = "HandOffMode", "02_Workflows\Chapter01_Orchestration\HandOffMode\HandOffMode.csproj", "{826F2A12-1AC9-80EC-8972-6C912D8D1E72}"
EndProject
Project("{FAE04EC0-301F-11D3-BF4B-00C04F79EFBC}") = "SequentialMode", "02_Workflows\Chapter01_Orchestration\SequentialMode\SequentialMode.csproj", "{68D92830-A62C-0317-4258-637269528162}"
EndProject
Project("{FAE04EC0-301F-11D3-BF4B-00C04F79EFBC}") = "CustomExecutor", "02_Workflows\Chapter01_Orchestration\CustomExecutor\CustomExecutor.csproj", "{A30646FE-3035-194B-2B1B-677C53B0CD86}"
EndProject
Project("{FAE04EC0-301F-11D3-BF4B-00C04F79EFBC}") = "MixedOrchestration", "02_Workflows\Chapter01_Orchestration\MixedOrchestration\MixedOrchestration.csproj", "{EFA2A004-19F6-1CDB-321A-7EC7E16E51ED}"
EndProject
Project("{FAE04EC0-301F-11D3-BF4B-00C04F79EFBC}") = "SharedState", "02_Workflows\Chapter02_Context\SharedState\SharedState.csproj", "{4108ECDD-2D5F-4E87-8221-31C2197A1C1E}"
EndProject
Project("{2150E333-8FDC-42A3-9474-1A3956D46DE8}") = "Orchestration", "Orchestration", "{C49B0C9D-6D45-467A-918B-C74FF8D7C441}"
EndProject
Project("{2150E333-8FDC-42A3-9474-1A3956D46DE8}") = "Context", "Context", "{77F92B34-F913-447F-A2A4-2C2633D2468D}"
EndProject
Project("{2150E333-8FDC-42A3-9474-1A3956D46DE8}") = "Advanced", "Advanced", "{2A62B3B4-4C72-4DC6-BC9A-6E52080FCD10}"
EndProject
Project("{FAE04EC0-301F-11D3-BF4B-00C04F79EFBC}") = "LoopFlow", "02_Workflows\Chapter03_Advanced\LoopFlow\LoopFlow.csproj", "{F633DF04-A142-14F7-F2FD-65229031D0DF}"
EndProject
Project("{FAE04EC0-301F-11D3-BF4B-00C04F79EFBC}") = "ConditionalEdge", "02_Workflows\Chapter03_Advanced\ConditionalEdge\ConditionalEdge.csproj", "{C3538381-609A-1BCE-BF47-68A0DC55955A}"
EndProject
Project("{FAE04EC0-301F-11D3-BF4B-00C04F79EFBC}") = "SwitchCase", "02_Workflows\Chapter03_Advanced\SwitchCase\SwitchCase.csproj", "{331834D7-2289-5BAA-0D40-EEE931C79D33}"
EndProject
Project("{FAE04EC0-301F-11D3-BF4B-00C04F79EFBC}") = "ParallelExecution", "02_Workflows\Chapter03_Advanced\ParallelExecution\ParallelExecution.csproj", "{260A378C-2E66-AE06-DBEE-5A511CDB6FFB}"
EndProject
Project("{FAE04EC0-301F-11D3-BF4B-00C04F79EFBC}") = "MultiSelectionEdge", "02_Workflows\Chapter03_Advanced\MultiSelectionEdge\MultiSelectionEdge.csproj", "{8247D647-CDEE-EE99-4B93-A09FDCF0ACA5}"
EndProject
Project("{FAE04EC0-301F-11D3-BF4B-00C04F79EFBC}") = "MapReduce", "02_Workflows\Chapter03_Advanced\MapReduce\MapReduce.csproj", "{E20189DB-8F7D-93E5-E136-2405459C9D5C}"
EndProject
Project("{FAE04EC0-301F-11D3-BF4B-00C04F79EFBC}") = "SubWorkflow", "02_Workflows\Chapter03_Advanced\SubWorkflow\SubWorkflow.csproj", "{ACB6F2EE-1D16-9682-B543-2052A99C3F1E}"
EndProject
Project("{2150E333-8FDC-42A3-9474-1A3956D46DE8}") = "04_A2A", "04_A2A", "{1FC923A1-0306-43E5-98F8-3E419F2F523D}"
EndProject
Project("{FAE04EC0-301F-11D3-BF4B-00C04F79EFBC}") = "TravelPlannerClient", "04_A2A\TravelPlannerClient\TravelPlannerClient.csproj", "{4ED7B3E0-FB35-C7E4-DF7C-2E23AFEFF58B}"
EndProject
Project("{FAE04EC0-301F-11D3-BF4B-00C04F79EFBC}") = "WeatherAgentServer", "04_A2A\WeatherAgentServer\WeatherAgentServer.csproj", "{DEE2895D-A3CF-1112-11F7-E89685D6F7AE}"
EndProject
Project("{FAE04EC0-301F-11D3-BF4B-00C04F79EFBC}") = "PlanAgentServer", "04_A2A\PlanAgentServer\PlanAgentServer.csproj", "{212A7A3F-82CB-DEBA-51C0-A4583CD9CE9F}"
EndProject
Project("{FAE04EC0-301F-11D3-BF4B-00C04F79EFBC}") = "HotelAgentServer", "04_A2A\HotelAgentServer\HotelAgentServer.csproj", "{05BD0745-E037-D8CF-BAC1-75C0ECB70F23}"
EndProject
Project("{2150E333-8FDC-42A3-9474-1A3956D46DE8}") = "05_DevUI", "05_DevUI", "{2B0D1479-28C3-4FEE-8CFD-11929FF4763F}"
EndProject
Project("{FAE04EC0-301F-11D3-BF4B-00C04F79EFBC}") = "DevUIServer", "05_DevUI\DevUISample\DevUIServer.csproj", "{C403EF84-CE59-61D6-BF06-8C6D337466A2}"
EndProject
Project("{2150E333-8FDC-42A3-9474-1A3956D46DE8}") = "06_AG-UI", "06_AG-UI", "{2B891E87-C1E6-4BC0-BFAC-52007E1EEE72}"
EndProject
Project("{2150E333-8FDC-42A3-9474-1A3956D46DE8}") = "QuickStart-1", "QuickStart-1", "{DB5E982A-B175-4CCA-89BC-6E42339B55E6}"
EndProject
Project("{2150E333-8FDC-42A3-9474-1A3956D46DE8}") = "QuickStart-2", "QuickStart-2", "{3D7E94D6-494E-40B5-8985-5687D934BB37}"
EndProject
Project("{FAE04EC0-301F-11D3-BF4B-00C04F79EFBC}") = "AgUIServer", "06_AG-UI\QuickStart-01\AG-UI-Server\AgUIServer.csproj", "{4C45136D-6AE9-CE1C-750A-9367DC75036B}"
EndProject
Project("{FAE04EC0-301F-11D3-BF4B-00C04F79EFBC}") = "AgUIClient", "06_AG-UI\QuickStart-01\AG-UI-Client\AgUIClient.csproj", "{B65BD177-EDAC-050B-D073-BD14CAADB1E6}"
EndProject
Project("{2150E333-8FDC-42A3-9474-1A3956D46DE8}") = "03_Patterns", "03_Patterns", "{1875BFFA-4A7D-4006-B8BA-D78EA4E92FED}"
EndProject
Project("{FAE04EC0-301F-11D3-BF4B-00C04F79EFBC}") = "AgUIBackend", "06_AG-UI\QuickStart-02\AG-UI-Server\AgUIBackend.csproj", "{1288D849-C97D-99C6-CCEA-7A146C0A202F}"
EndProject
Project("{FAE04EC0-301F-11D3-BF4B-00C04F79EFBC}") = "AgUIFrontend", "06_AG-UI\QuickStart-02\AG-UI-Client\AgUIFrontend.csproj", "{90883343-ED04-0D83-2083-1CE02E6FAC79}"
EndProject
Project("{2150E333-8FDC-42A3-9474-1A3956D46DE8}") = "07_AgentSkill", "07_AgentSkill", "{CC8DECED-7C45-4E1E-AA1E-3877E1C2C347}"
EndProject
Project("{2150E333-8FDC-42A3-9474-1A3956D46DE8}") = "01_BasicSkills", "01_BasicSkills", "{16EADC1D-A73E-4E72-937B-FE1C0FE22313}"
EndProject
Project("{FAE04EC0-301F-11D3-BF4B-00C04F79EFBC}") = "AgentSkill_01_BasicSkills", "07_AgentSkill\01_BasicSkills\AgentSkill_01_BasicSkills.csproj", "{4D1C9ABD-855F-DEB0-5975-C9E8D3802CF8}"
EndProject
Project("{2150E333-8FDC-42A3-9474-1A3956D46DE8}") = "03_ScriptExecution-NonOfficial", "03_ScriptExecution-NonOfficial", "{E361FCDA-639C-417B-A4CD-838DD7CE806C}"
EndProject
Project("{2150E333-8FDC-42A3-9474-1A3956D46DE8}") = "02_MultipleSkills", "02_MultipleSkills", "{E6BE279E-F8B1-4B34-9025-A816438DEF13}"
EndProject
Project("{FAE04EC0-301F-11D3-BF4B-00C04F79EFBC}") = "AgentSkill_02_MultiSkills", "07_AgentSkill\02_MultipleSkills\AgentSkill_02_MultiSkills.csproj", "{B2F4CC4E-4EFB-AC54-B5E1-CA396CAD64ED}"
EndProject
Project("{2150E333-8FDC-42A3-9474-1A3956D46DE8}") = "04_ScriptExecution-Official", "04_ScriptExecution-Official", "{F0211ABB-1200-470A-8C85-1133A0A71954}"
EndProject
Project("{2150E333-8FDC-42A3-9474-1A3956D46DE8}") = "05_InlineSkills", "05_InlineSkills", "{C70618A5-23C2-4000-AAF6-A646D8CD3E5D}"
EndProject
Project("{2150E333-8FDC-42A3-9474-1A3956D46DE8}") = "08_DeclarativeAgent", "08_DeclarativeAgent", "{80057E4A-D02B-4EB5-9952-70C2BE673173}"
EndProject
Project("{FAE04EC0-301F-11D3-BF4B-00C04F79EFBC}") = "Declarative_01", "08_DeclarativeAgent\01_HelloDeclarative\Declarative_01.csproj", "{7ED5387A-7A78-56D5-231A-8828F59EF72B}"
EndProject
Project("{FAE04EC0-301F-11D3-BF4B-00C04F79EFBC}") = "AgentSkill_05_InlineSkills", "07_AgentSkill\05_InlineSkills\AgentSkill_05_InlineSkills.csproj", "{D5429A7F-7935-386A-A9C4-CC8C3202A7AB}"
EndProject
Project("{FAE04EC0-301F-11D3-BF4B-00C04F79EFBC}") = "AgentSkill_04_ScriptExecutionV2", "07_AgentSkill\04_ScriptExecution_Offical\AgentSkill_04_ScriptExecutionV2.csproj", "{FFA8DCB1-8E0D-74E4-144A-5019A4E8590B}"
EndProject
Project("{FAE04EC0-301F-11D3-BF4B-00C04F79EFBC}") = "AgentSkill_03_ScriptExecutionV1", "07_AgentSkill\03_ScriptExecution_NonOffical\AgentSkill_03_ScriptExecutionV1.csproj", "{EF738385-C401-4C86-AF56-265D46D73A66}"
EndProject
Project("{2150E333-8FDC-42A3-9474-1A3956D46DE8}") = "06_StrongTypeSkills", "06_StrongTypeSkills", "{5B352E21-79EC-4AF9-B59A-284F2873C6BE}"
EndProject
Project("{FAE04EC0-301F-11D3-BF4B-00C04F79EFBC}") = "AgentSkill_06_StrongTypeSkills", "07_AgentSkill\06_StrongTypeSkills\AgentSkill_06_StrongTypeSkills.csproj", "{0802AD20-DE06-B818-D0A9-F121405F5934}"
EndProject
Global
	GlobalSection(SolutionConfigurationPlatforms) = preSolution
		Debug|Any CPU = Debug|Any CPU
		Release|Any CPU = Release|Any CPU
	EndGlobalSection
	GlobalSection(ProjectConfigurationPlatforms) = postSolution
		{DA76ABCD-A1D5-4272-A2FF-A9050518EC0F}.Debug|Any CPU.ActiveCfg = Debug|Any CPU
		{DA76ABCD-A1D5-4272-A2FF-A9050518EC0F}.Debug|Any CPU.Build.0 = Debug|Any CPU
		{DA76ABCD-A1D5-4272-A2FF-A9050518EC0F}.Release|Any CPU.ActiveCfg = Release|Any CPU
		{DA76ABCD-A1D5-4272-A2FF-A9050518EC0F}.Release|Any CPU.Build.0 = Release|Any CPU
		{253F4172-799A-4EC2-86E4-139D7DCB814E}.Debug|Any CPU.ActiveCfg = Debug|Any CPU
		{253F4172-799A-4EC2-86E4-139D7DCB814E}.Debug|Any CPU.Build.0 = Debug|Any CPU
		{253F4172-799A-4EC2-86E4-139D7DCB814E}.Release|Any CPU.ActiveCfg = Release|Any CPU
		{253F4172-799A-4EC2-86E4-139D7DCB814E}.Release|Any CPU.Build.0 = Release|Any CPU
		{0401602B-3071-474B-9D69-AB7B47ACAF45}.Debug|Any CPU.ActiveCfg = Debug|Any CPU
		{0401602B-3071-474B-9D69-AB7B47ACAF45}.Debug|Any CPU.Build.0 = Debug|Any CPU
		{0401602B-3071-474B-9D69-AB7B47ACAF45}.Release|Any CPU.ActiveCfg = Release|Any CPU
		{0401602B-3071-474B-9D69-AB7B47ACAF45}.Release|Any CPU.Build.0 = Release|Any CPU
		{C8BCD3F5-CDC8-4AEC-8F9F-C8EE48601E6E}.Debug|Any CPU.ActiveCfg = Debug|Any CPU
		{C8BCD3F5-CDC8-4AEC-8F9F-C8EE48601E6E}.Debug|Any CPU.Build.0 = Debug|Any CPU
		{C8BCD3F5-CDC8-4AEC-8F9F-C8EE48601E6E}.Release|Any CPU.ActiveCfg = Release|Any CPU
		{C8BCD3F5-CDC8-4AEC-8F9F-C8EE48601E6E}.Release|Any CPU.Build.0 = Release|Any CPU
		{826F2A12-1AC9-80EC-8972-6C912D8D1E72}.Debug|Any CPU.ActiveCfg = Debug|Any CPU
		{826F2A12-1AC9-80EC-8972-6C912D8D1E72}.Debug|Any CPU.Build.0 = Debug|Any CPU
		{826F2A12-1AC9-80EC-8972-6C912D8D1E72}.Release|Any CPU.ActiveCfg = Release|Any CPU
		{826F2A12-1AC9-80EC-8972-6C912D8D1E72}.Release|Any CPU.Build.0 = Release|Any CPU
		{68D92830-A62C-0317-4258-637269528162}.Debug|Any CPU.ActiveCfg = Debug|Any CPU
		{68D92830-A62C-0317-4258-637269528162}.Debug|Any CPU.Build.0 = Debug|Any CPU
		{68D92830-A62C-0317-4258-637269528162}.Release|Any CPU.ActiveCfg = Release|Any CPU
		{68D92830-A62C-0317-4258-637269528162}.Release|Any CPU.Build.0 = Release|Any CPU
		{A30646FE-3035-194B-2B1B-677C53B0CD86}.Debug|Any CPU.ActiveCfg = Debug|Any CPU
		{A30646FE-3035-194B-2B1B-677C53B0CD86}.Debug|Any CPU.Build.0 = Debug|Any CPU
		{A30646FE-3035-194B-2B1B-677C53B0CD86}.Release|Any CPU.ActiveCfg = Release|Any CPU
		{A30646FE-3035-194B-2B1B-677C53B0CD86}.Release|Any CPU.Build.0 = Release|Any CPU
		{EFA2A004-19F6-1CDB-321A-7EC7E16E51ED}.Debug|Any CPU.ActiveCfg = Debug|Any CPU
		{EFA2A004-19F6-1CDB-321A-7EC7E16E51ED}.Debug|Any CPU.Build.0 = Debug|Any CPU
		{EFA2A004-19F6-1CDB-321A-7EC7E16E51ED}.Release|Any CPU.ActiveCfg = Release|Any CPU
		{EFA2A004-19F6-1CDB-321A-7EC7E16E51ED}.Release|Any CPU.Build.0 = Release|Any CPU
		{4108ECDD-2D5F-4E87-8221-31C2197A1C1E}.Debug|Any CPU.ActiveCfg = Debug|Any CPU
		{4108ECDD-2D5F-4E87-8221-31C2197A1C1E}.Debug|Any CPU.Build.0 = Debug|Any CPU
		{4108ECDD-2D5F-4E87-8221-31C2197A1C1E}.Release|Any CPU.ActiveCfg = Release|Any CPU
		{4108ECDD-2D5F-4E87-8221-31C2197A1C1E}.Release|Any CPU.Build.0 = Release|Any CPU
		{F633DF04-A142-14F7-F2FD-65229031D0DF}.Debug|Any CPU.ActiveCfg = Debug|Any CPU
		{F633DF04-A142-14F7-F2FD-65229031D0DF}.Debug|Any CPU.Build.0 = Debug|Any CPU
		{F633DF04-A142-14F7-F2FD-65229031D0DF}.Release|Any CPU.ActiveCfg = Release|Any CPU
		{F633DF04-A142-14F7-F2FD-65229031D0DF}.Release|Any CPU.Build.0 = Release|Any CPU
		{C3538381-609A-1BCE-BF47-68A0DC55955A}.Debug|Any CPU.ActiveCfg = Debug|Any CPU
		{C3538381-609A-1BCE-BF47-68A0DC55955A}.Debug|Any CPU.Build.0 = Debug|Any CPU
		{C3538381-609A-1BCE-BF47-68A0DC55955A}.Release|Any CPU.ActiveCfg = Release|Any CPU
		{C3538381-609A-1BCE-BF47-68A0DC55955A}.Release|Any CPU.Build.0 = Release|Any CPU
		{331834D7-2289-5BAA-0D40-EEE931C79D33}.Debug|Any CPU.ActiveCfg = Debug|Any CPU
		{331834D7-2289-5BAA-0D40-EEE931C79D33}.Debug|Any CPU.Build.0 = Debug|Any CPU
		{331834D7-2289-5BAA-0D40-EEE931C79D33}.Release|Any CPU.ActiveCfg = Release|Any CPU
		{331834D7-2289-5BAA-0D40-EEE931C79D33}.Release|Any CPU.Build.0 = Release|Any CPU
		{260A378C-2E66-AE06-DBEE-5A511CDB6FFB}.Debug|Any CPU.ActiveCfg = Debug|Any CPU
		{260A378C-2E66-AE06-DBEE-5A511CDB6FFB}.Debug|Any CPU.Build.0 = Debug|Any CPU
		{260A378C-2E66-AE06-DBEE-5A511CDB6FFB}.Release|Any CPU.ActiveCfg = Release|Any CPU
		{260A378C-2E66-AE06-DBEE-5A511CDB6FFB}.Release|Any CPU.Build.0 = Release|Any CPU
		{8247D647-CDEE-EE99-4B93-A09FDCF0ACA5}.Debug|Any CPU.ActiveCfg = Debug|Any CPU
		{8247D647-CDEE-EE99-4B93-A09FDCF0ACA5}.Debug|Any CPU.Build.0 = Debug|Any CPU
		{8247D647-CDEE-EE99-4B93-A09FDCF0ACA5}.Release|Any CPU.ActiveCfg = Release|Any CPU
		{8247D647-CDEE-EE99-4B93-A09FDCF0ACA5}.Release|Any CPU.Build.0 = Release|Any CPU
		{E20189DB-8F7D-93E5-E136-2405459C9D5C}.Debug|Any CPU.ActiveCfg = Debug|Any CPU
		{E20189DB-8F7D-93E5-E136-2405459C9D5C}.Debug|Any CPU.Build.0 = Debug|Any CPU
		{E20189DB-8F7D-93E5-E136-2405459C9D5C}.Release|Any CPU.ActiveCfg = Release|Any CPU
		{E20189DB-8F7D-93E5-E136-2405459C9D5C}.Release|Any CPU.Build.0 = Release|Any CPU
		{ACB6F2EE-1D16-9682-B543-2052A99C3F1E}.Debug|Any CPU.ActiveCfg = Debug|Any CPU
		{ACB6F2EE-1D16-9682-B543-2052A99C3F1E}.Debug|Any CPU.Build.0 = Debug|Any CPU
		{ACB6F2EE-1D16-9682-B543-2052A99C3F1E}.Release|Any CPU.ActiveCfg = Release|Any CPU
		{ACB6F2EE-1D16-9682-B543-2052A99C3F1E}.Release|Any CPU.Build.0 = Release|Any CPU
		{4ED7B3E0-FB35-C7E4-DF7C-2E23AFEFF58B}.Debug|Any CPU.ActiveCfg = Debug|Any CPU
		{4ED7B3E0-FB35-C7E4-DF7C-2E23AFEFF58B}.Debug|Any CPU.Build.0 = Debug|Any CPU
		{4ED7B3E0-FB35-C7E4-DF7C-2E23AFEFF58B}.Release|Any CPU.ActiveCfg = Release|Any CPU
		{4ED7B3E0-FB35-C7E4-DF7C-2E23AFEFF58B}.Release|Any CPU.Build.0 = Release|Any CPU
		{DEE2895D-A3CF-1112-11F7-E89685D6F7AE}.Debug|Any CPU.ActiveCfg = Debug|Any CPU
		{DEE2895D-A3CF-1112-11F7-E89685D6F7AE}.Debug|Any CPU.Build.0 = Debug|Any CPU
		{DEE2895D-A3CF-1112-11F7-E89685D6F7AE}.Release|Any CPU.ActiveCfg = Release|Any CPU
		{DEE2895D-A3CF-1112-11F7-E89685D6F7AE}.Release|Any CPU.Build.0 = Release|Any CPU
		{212A7A3F-82CB-DEBA-51C0-A4583CD9CE9F}.Debug|Any CPU.ActiveCfg = Debug|Any CPU
		{212A7A3F-82CB-DEBA-51C0-A4583CD9CE9F}.Debug|Any CPU.Build.0 = Debug|Any CPU
		{212A7A3F-82CB-DEBA-51C0-A4583CD9CE9F}.Release|Any CPU.ActiveCfg = Release|Any CPU
		{212A7A3F-82CB-DEBA-51C0-A4583CD9CE9F}.Release|Any CPU.Build.0 = Release|Any CPU
		{05BD0745-E037-D8CF-BAC1-75C0ECB70F23}.Debug|Any CPU.ActiveCfg = Debug|Any CPU
		{05BD0745-E037-D8CF-BAC1-75C0ECB70F23}.Debug|Any CPU.Build.0 = Debug|Any CPU
		{05BD0745-E037-D8CF-BAC1-75C0ECB70F23}.Release|Any CPU.ActiveCfg = Release|Any CPU
		{05BD0745-E037-D8CF-BAC1-75C0ECB70F23}.Release|Any CPU.Build.0 = Release|Any CPU
		{C403EF84-CE59-61D6-BF06-8C6D337466A2}.Debug|Any CPU.ActiveCfg = Debug|Any CPU
		{C403EF84-CE59-61D6-BF06-8C6D337466A2}.Debug|Any CPU.Build.0 = Debug|Any CPU
		{C403EF84-CE59-61D6-BF06-8C6D337466A2}.Release|Any CPU.ActiveCfg = Release|Any CPU
		{C403EF84-CE59-61D6-BF06-8C6D337466A2}.Release|Any CPU.Build.0 = Release|Any CPU
		{4C45136D-6AE9-CE1C-750A-9367DC75036B}.Debug|Any CPU.ActiveCfg = Debug|Any CPU
		{4C45136D-6AE9-CE1C-750A-9367DC75036B}.Debug|Any CPU.Build.0 = Debug|Any CPU
		{4C45136D-6AE9-CE1C-750A-9367DC75036B}.Release|Any CPU.ActiveCfg = Release|Any CPU
		{4C45136D-6AE9-CE1C-750A-9367DC75036B}.Release|Any CPU.Build.0 = Release|Any CPU
		{B65BD177-EDAC-050B-D073-BD14CAADB1E6}.Debug|Any CPU.ActiveCfg = Debug|Any CPU
		{B65BD177-EDAC-050B-D073-BD14CAADB1E6}.Debug|Any CPU.Build.0 = Debug|Any CPU
		{B65BD177-EDAC-050B-D073-BD14CAADB1E6}.Release|Any CPU.ActiveCfg = Release|Any CPU
		{B65BD177-EDAC-050B-D073-BD14CAADB1E6}.Release|Any CPU.Build.0 = Release|Any CPU
		{1288D849-C97D-99C6-CCEA-7A146C0A202F}.Debug|Any CPU.ActiveCfg = Debug|Any CPU
		{1288D849-C97D-99C6-CCEA-7A146C0A202F}.Debug|Any CPU.Build.0 = Debug|Any CPU
		{1288D849-C97D-99C6-CCEA-7A146C0A202F}.Release|Any CPU.ActiveCfg = Release|Any CPU
		{1288D849-C97D-99C6-CCEA-7A146C0A202F}.Release|Any CPU.Build.0 = Release|Any CPU
		{90883343-ED04-0D83-2083-1CE02E6FAC79}.Debug|Any CPU.ActiveCfg = Debug|Any CPU
		{90883343-ED04-0D83-2083-1CE02E6FAC79}.Debug|Any CPU.Build.0 = Debug|Any CPU
		{90883343-ED04-0D83-2083-1CE02E6FAC79}.Release|Any CPU.ActiveCfg = Release|Any CPU
		{90883343-ED04-0D83-2083-1CE02E6FAC79}.Release|Any CPU.Build.0 = Release|Any CPU
		{4D1C9ABD-855F-DEB0-5975-C9E8D3802CF8}.Debug|Any CPU.ActiveCfg = Debug|Any CPU
		{4D1C9ABD-855F-DEB0-5975-C9E8D3802CF8}.Debug|Any CPU.Build.0 = Debug|Any CPU
		{4D1C9ABD-855F-DEB0-5975-C9E8D3802CF8}.Release|Any CPU.ActiveCfg = Release|Any CPU
		{4D1C9ABD-855F-DEB0-5975-C9E8D3802CF8}.Release|Any CPU.Build.0 = Release|Any CPU
		{B2F4CC4E-4EFB-AC54-B5E1-CA396CAD64ED}.Debug|Any CPU.ActiveCfg = Debug|Any CPU
		{B2F4CC4E-4EFB-AC54-B5E1-CA396CAD64ED}.Debug|Any CPU.Build.0 = Debug|Any CPU
		{B2F4CC4E-4EFB-AC54-B5E1-CA396CAD64ED}.Release|Any CPU.ActiveCfg = Release|Any CPU
		{B2F4CC4E-4EFB-AC54-B5E1-CA396CAD64ED}.Release|Any CPU.Build.0 = Release|Any CPU
		{7ED5387A-7A78-56D5-231A-8828F59EF72B}.Debug|Any CPU.ActiveCfg = Debug|Any CPU
		{7ED5387A-7A78-56D5-231A-8828F59EF72B}.Debug|Any CPU.Build.0 = Debug|Any CPU
		{7ED5387A-7A78-56D5-231A-8828F59EF72B}.Release|Any CPU.ActiveCfg = Release|Any CPU
		{7ED5387A-7A78-56D5-231A-8828F59EF72B}.Release|Any CPU.Build.0 = Release|Any CPU
		{D5429A7F-7935-386A-A9C4-CC8C3202A7AB}.Debug|Any CPU.ActiveCfg = Debug|Any CPU
		{D5429A7F-7935-386A-A9C4-CC8C3202A7AB}.Debug|Any CPU.Build.0 = Debug|Any CPU
		{D5429A7F-7935-386A-A9C4-CC8C3202A7AB}.Release|Any CPU.ActiveCfg = Release|Any CPU
		{D5429A7F-7935-386A-A9C4-CC8C3202A7AB}.Release|Any CPU.Build.0 = Release|Any CPU
		{FFA8DCB1-8E0D-74E4-144A-5019A4E8590B}.Debug|Any CPU.ActiveCfg = Debug|Any CPU
		{FFA8DCB1-8E0D-74E4-144A-5019A4E8590B}.Debug|Any CPU.Build.0 = Debug|Any CPU
		{FFA8DCB1-8E0D-74E4-144A-5019A4E8590B}.Release|Any CPU.ActiveCfg = Release|Any CPU
		{FFA8DCB1-8E0D-74E4-144A-5019A4E8590B}.Release|Any CPU.Build.0 = Release|Any CPU
		{EF738385-C401-4C86-AF56-265D46D73A66}.Debug|Any CPU.ActiveCfg = Debug|Any CPU
		{EF738385-C401-4C86-AF56-265D46D73A66}.Debug|Any CPU.Build.0 = Debug|Any CPU
		{EF738385-C401-4C86-AF56-265D46D73A66}.Release|Any CPU.ActiveCfg = Release|Any CPU
		{EF738385-C401-4C86-AF56-265D46D73A66}.Release|Any CPU.Build.0 = Release|Any CPU
		{0802AD20-DE06-B818-D0A9-F121405F5934}.Debug|Any CPU.ActiveCfg = Debug|Any CPU
		{0802AD20-DE06-B818-D0A9-F121405F5934}.Debug|Any CPU.Build.0 = Debug|Any CPU
		{0802AD20-DE06-B818-D0A9-F121405F5934}.Release|Any CPU.ActiveCfg = Release|Any CPU
		{0802AD20-DE06-B818-D0A9-F121405F5934}.Release|Any CPU.Build.0 = Release|Any CPU
	EndGlobalSection
	GlobalSection(SolutionProperties) = preSolution
		HideSolutionNode = FALSE
	EndGlobalSection
	GlobalSection(NestedProjects) = preSolution
		{DA76ABCD-A1D5-4272-A2FF-A9050518EC0F} = {02EA681E-C7D8-13C7-8484-4AC65E1B71E8}
		{253F4172-799A-4EC2-86E4-139D7DCB814E} = {4D36698D-8AB2-4C31-8C0F-9E7C59819B5A}
		{0401602B-3071-474B-9D69-AB7B47ACAF45} = {02EA681E-C7D8-13C7-8484-4AC65E1B71E8}
		{C8BCD3F5-CDC8-4AEC-8F9F-C8EE48601E6E} = {02EA681E-C7D8-13C7-8484-4AC65E1B71E8}
		{826F2A12-1AC9-80EC-8972-6C912D8D1E72} = {1875BFFA-4A7D-4006-B8BA-D78EA4E92FED}
		{68D92830-A62C-0317-4258-637269528162} = {1875BFFA-4A7D-4006-B8BA-D78EA4E92FED}
		{A30646FE-3035-194B-2B1B-677C53B0CD86} = {C49B0C9D-6D45-467A-918B-C74FF8D7C441}
		{EFA2A004-19F6-1CDB-321A-7EC7E16E51ED} = {C49B0C9D-6D45-467A-918B-C74FF8D7C441}
		{4108ECDD-2D5F-4E87-8221-31C2197A1C1E} = {77F92B34-F913-447F-A2A4-2C2633D2468D}
		{C49B0C9D-6D45-467A-918B-C74FF8D7C441} = {8615A254-CFE7-4CA9-8567-13A76318B0F2}
		{77F92B34-F913-447F-A2A4-2C2633D2468D} = {8615A254-CFE7-4CA9-8567-13A76318B0F2}
		{2A62B3B4-4C72-4DC6-BC9A-6E52080FCD10} = {8615A254-CFE7-4CA9-8567-13A76318B0F2}
		{F633DF04-A142-14F7-F2FD-65229031D0DF} = {2A62B3B4-4C72-4DC6-BC9A-6E52080FCD10}
		{C3538381-609A-1BCE-BF47-68A0DC55955A} = {2A62B3B4-4C72-4DC6-BC9A-6E52080FCD10}
		{331834D7-2289-5BAA-0D40-EEE931C79D33} = {2A62B3B4-4C72-4DC6-BC9A-6E52080FCD10}
		{260A378C-2E66-AE06-DBEE-5A511CDB6FFB} = {2A62B3B4-4C72-4DC6-BC9A-6E52080FCD10}
		{8247D647-CDEE-EE99-4B93-A09FDCF0ACA5} = {2A62B3B4-4C72-4DC6-BC9A-6E52080FCD10}
		{E20189DB-8F7D-93E5-E136-2405459C9D5C} = {2A62B3B4-4C72-4DC6-BC9A-6E52080FCD10}
		{ACB6F2EE-1D16-9682-B543-2052A99C3F1E} = {2A62B3B4-4C72-4DC6-BC9A-6E52080FCD10}
		{4ED7B3E0-FB35-C7E4-DF7C-2E23AFEFF58B} = {1FC923A1-0306-43E5-98F8-3E419F2F523D}
		{DEE2895D-A3CF-1112-11F7-E89685D6F7AE} = {1FC923A1-0306-43E5-98F8-3E419F2F523D}
		{212A7A3F-82CB-DEBA-51C0-A4583CD9CE9F} = {1FC923A1-0306-43E5-98F8-3E419F2F523D}
		{05BD0745-E037-D8CF-BAC1-75C0ECB70F23} = {1FC923A1-0306-43E5-98F8-3E419F2F523D}
		{C403EF84-CE59-61D6-BF06-8C6D337466A2} = {2B0D1479-28C3-4FEE-8CFD-11929FF4763F}
		{DB5E982A-B175-4CCA-89BC-6E42339B55E6} = {2B891E87-C1E6-4BC0-BFAC-52007E1EEE72}
		{3D7E94D6-494E-40B5-8985-5687D934BB37} = {2B891E87-C1E6-4BC0-BFAC-52007E1EEE72}
		{4C45136D-6AE9-CE1C-750A-9367DC75036B} = {DB5E982A-B175-4CCA-89BC-6E42339B55E6}
		{B65BD177-EDAC-050B-D073-BD14CAADB1E6} = {DB5E982A-B175-4CCA-89BC-6E42339B55E6}
		{1288D849-C97D-99C6-CCEA-7A146C0A202F} = {3D7E94D6-494E-40B5-8985-5687D934BB37}
		{90883343-ED04-0D83-2083-1CE02E6FAC79} = {3D7E94D6-494E-40B5-8985-5687D934BB37}
		{16EADC1D-A73E-4E72-937B-FE1C0FE22313} = {CC8DECED-7C45-4E1E-AA1E-3877E1C2C347}
		{4D1C9ABD-855F-DEB0-5975-C9E8D3802CF8} = {16EADC1D-A73E-4E72-937B-FE1C0FE22313}
		{E361FCDA-639C-417B-A4CD-838DD7CE806C} = {CC8DECED-7C45-4E1E-AA1E-3877E1C2C347}
		{E6BE279E-F8B1-4B34-9025-A816438DEF13} = {CC8DECED-7C45-4E1E-AA1E-3877E1C2C347}
		{B2F4CC4E-4EFB-AC54-B5E1-CA396CAD64ED} = {E6BE279E-F8B1-4B34-9025-A816438DEF13}
		{F0211ABB-1200-470A-8C85-1133A0A71954} = {CC8DECED-7C45-4E1E-AA1E-3877E1C2C347}
		{C70618A5-23C2-4000-AAF6-A646D8CD3E5D} = {CC8DECED-7C45-4E1E-AA1E-3877E1C2C347}
		{7ED5387A-7A78-56D5-231A-8828F59EF72B} = {80057E4A-D02B-4EB5-9952-70C2BE673173}
		{D5429A7F-7935-386A-A9C4-CC8C3202A7AB} = {C70618A5-23C2-4000-AAF6-A646D8CD3E5D}
		{FFA8DCB1-8E0D-74E4-144A-5019A4E8590B} = {F0211ABB-1200-470A-8C85-1133A0A71954}
		{EF738385-C401-4C86-AF56-265D46D73A66} = {E361FCDA-639C-417B-A4CD-838DD7CE806C}
		{5B352E21-79EC-4AF9-B59A-284F2873C6BE} = {CC8DECED-7C45-4E1E-AA1E-3877E1C2C347}
		{0802AD20-DE06-B818-D0A9-F121405F5934} = {5B352E21-79EC-4AF9-B59A-284F2873C6BE}
	EndGlobalSection
	GlobalSection(ExtensibilityGlobals) = postSolution
		SolutionGuid = {F428A092-17AE-4354-8BE9-E367B67913F5}
	EndGlobalSection
EndGlobal
