
Microsoft Visual Studio Solution File, Format Version 12.00
# Visual Studio Version 17
VisualStudioVersion = 17.14.36301.6
MinimumVisualStudioVersion = 10.0.40219.1
Project("{2150E333-8FDC-42A3-9474-1A3956D46DE8}") = "01_Agents", "01_Agents", "{02EA681E-C7D8-13C7-8484-4AC65E1B71E8}"
EndProject
Project("{2150E333-8FDC-42A3-9474-1A3956D46DE8}") = "02_Workflows", "02_Workflows", "{8615A254-CFE7-4CA9-8567-13A76318B0F2}"
EndProject
Project("{FAE04EC0-301F-11D3-BF4B-00C04F79EFBC}") = "BasicAgent", "01_Agents\Step01_QuickStart\BasicAgent\BasicAgent.csproj", "{DA76ABCD-A1D5-4272-A2FF-A9050518EC0F}"
EndProject
Project("{2150E333-8FDC-42A3-9474-1A3956D46DE8}") = "00_Shared", "00_Shared", "{4D36698D-8AB2-4C31-8C0F-9E7C59819B5A}"
EndProject
Project("{FAE04EC0-301F-11D3-BF4B-00C04F79EFBC}") = "CommonShared", "00_Shared\CommonShared\CommonShared.csproj", "{253F4172-799A-4EC2-86E4-139D7DCB814E}"
EndProject
Project("{FAE04EC0-301F-11D3-BF4B-00C04F79EFBC}") = "AdvancedAgent", "01_Agents\Step01_QuickStart\AdvancedAgent\AdvancedAgent.csproj", "{0401602B-3071-474B-9D69-AB7B47ACAF45}"
EndProject
Project("{FAE04EC0-301F-11D3-BF4B-00C04F79EFBC}") = "PersistAgentThread", "01_Agents\Step02_Persistence\PersistAgentThread\PersistAgentThread.csproj", "{C8BCD3F5-CDC8-4AEC-8F9F-C8EE48601E6E}"
EndProject
Project("{FAE04EC0-301F-11D3-BF4B-00C04F79EFBC}") = "HandOffMode", "02_Workflows\Chapter01_Orchestration\HandOffMode\HandOffMode.csproj", "{826F2A12-1AC9-80EC-8972-6C912D8D1E72}"
EndProject
Project("{FAE04EC0-301F-11D3-BF4B-00C04F79EFBC}") = "SequentialMode", "02_Workflows\Chapter01_Orchestration\SequentialMode\SequentialMode.csproj", "{68D92830-A62C-0317-4258-637269528162}"
EndProject
Project("{FAE04EC0-301F-11D3-BF4B-00C04F79EFBC}") = "CustomExecutor", "02_Workflows\Chapter01_Orchestration\CustomExecutor\CustomExecutor.csproj", "{A30646FE-3035-194B-2B1B-677C53B0CD86}"
EndProject
Project("{FAE04EC0-301F-11D3-BF4B-00C04F79EFBC}") = "MixedOrchestration", "02_Workflows\Chapter01_Orchestration\MixedOrchestration\MixedOrchestration.csproj", "{EFA2A004-19F6-1CDB-321A-7EC7E16E51ED}"
EndProject
Project("{FAE04EC0-301F-11D3-BF4B-00C04F79EFBC}") = "SharedState", "02_Workflows\Chapter02_Context\SharedState\SharedState.csproj", "{4108ECDD-2D5F-4E87-8221-31C2197A1C1E}"
EndProject
Project("{2150E333-8FDC-42A3-9474-1A3956D46DE8}") = "Orchestration", "Orchestration", "{C49B0C9D-6D45-467A-918B-C74FF8D7C441}"
EndProject
Project("{2150E333-8FDC-42A3-9474-1A3956D46DE8}") = "Context", "Context", "{77F92B34-F913-447F-A2A4-2C2633D2468D}"
EndProject
Project("{2150E333-8FDC-42A3-9474-1A3956D46DE8}") = "Advanced", "Advanced", "{2A62B3B4-4C72-4DC6-BC9A-6E52080FCD10}"
EndProject
Project("{FAE04EC0-301F-11D3-BF4B-00C04F79EFBC}") = "LoopFlow", "02_Workflows\Chapter03_Advanced\LoopFlow\LoopFlow.csproj", "{F633DF04-A142-14F7-F2FD-65229031D0DF}"
EndProject
Project("{FAE04EC0-301F-11D3-BF4B-00C04F79EFBC}") = "ConditionalEdge", "02_Workflows\Chapter03_Advanced\ConditionalEdge\ConditionalEdge.csproj", "{C3538381-609A-1BCE-BF47-68A0DC55955A}"
EndProject
Project("{FAE04EC0-301F-11D3-BF4B-00C04F79EFBC}") = "SwitchCase", "02_Workflows\Chapter03_Advanced\SwitchCase\SwitchCase.csproj", "{331834D7-2289-5BAA-0D40-EEE931C79D33}"
EndProject
Project("{FAE04EC0-301F-11D3-BF4B-00C04F79EFBC}") = "ParallelExecution", "02_Workflows\Chapter03_Advanced\ParallelExecution\ParallelExecution.csproj", "{260A378C-2E66-AE06-DBEE-5A511CDB6FFB}"
EndProject
Global
	GlobalSection(SolutionConfigurationPlatforms) = preSolution
		Debug|Any CPU = Debug|Any CPU
		Release|Any CPU = Release|Any CPU
	EndGlobalSection
	GlobalSection(ProjectConfigurationPlatforms) = postSolution
		{DA76ABCD-A1D5-4272-A2FF-A9050518EC0F}.Debug|Any CPU.ActiveCfg = Debug|Any CPU
		{DA76ABCD-A1D5-4272-A2FF-A9050518EC0F}.Debug|Any CPU.Build.0 = Debug|Any CPU
		{DA76ABCD-A1D5-4272-A2FF-A9050518EC0F}.Release|Any CPU.ActiveCfg = Release|Any CPU
		{DA76ABCD-A1D5-4272-A2FF-A9050518EC0F}.Release|Any CPU.Build.0 = Release|Any CPU
		{253F4172-799A-4EC2-86E4-139D7DCB814E}.Debug|Any CPU.ActiveCfg = Debug|Any CPU
		{253F4172-799A-4EC2-86E4-139D7DCB814E}.Debug|Any CPU.Build.0 = Debug|Any CPU
		{253F4172-799A-4EC2-86E4-139D7DCB814E}.Release|Any CPU.ActiveCfg = Release|Any CPU
		{253F4172-799A-4EC2-86E4-139D7DCB814E}.Release|Any CPU.Build.0 = Release|Any CPU
		{0401602B-3071-474B-9D69-AB7B47ACAF45}.Debug|Any CPU.ActiveCfg = Debug|Any CPU
		{0401602B-3071-474B-9D69-AB7B47ACAF45}.Debug|Any CPU.Build.0 = Debug|Any CPU
		{0401602B-3071-474B-9D69-AB7B47ACAF45}.Release|Any CPU.ActiveCfg = Release|Any CPU
		{0401602B-3071-474B-9D69-AB7B47ACAF45}.Release|Any CPU.Build.0 = Release|Any CPU
		{C8BCD3F5-CDC8-4AEC-8F9F-C8EE48601E6E}.Debug|Any CPU.ActiveCfg = Debug|Any CPU
		{C8BCD3F5-CDC8-4AEC-8F9F-C8EE48601E6E}.Debug|Any CPU.Build.0 = Debug|Any CPU
		{C8BCD3F5-CDC8-4AEC-8F9F-C8EE48601E6E}.Release|Any CPU.ActiveCfg = Release|Any CPU
		{C8BCD3F5-CDC8-4AEC-8F9F-C8EE48601E6E}.Release|Any CPU.Build.0 = Release|Any CPU
		{826F2A12-1AC9-80EC-8972-6C912D8D1E72}.Debug|Any CPU.ActiveCfg = Debug|Any CPU
		{826F2A12-1AC9-80EC-8972-6C912D8D1E72}.Debug|Any CPU.Build.0 = Debug|Any CPU
		{826F2A12-1AC9-80EC-8972-6C912D8D1E72}.Release|Any CPU.ActiveCfg = Release|Any CPU
		{826F2A12-1AC9-80EC-8972-6C912D8D1E72}.Release|Any CPU.Build.0 = Release|Any CPU
		{68D92830-A62C-0317-4258-637269528162}.Debug|Any CPU.ActiveCfg = Debug|Any CPU
		{68D92830-A62C-0317-4258-637269528162}.Debug|Any CPU.Build.0 = Debug|Any CPU
		{68D92830-A62C-0317-4258-637269528162}.Release|Any CPU.ActiveCfg = Release|Any CPU
		{68D92830-A62C-0317-4258-637269528162}.Release|Any CPU.Build.0 = Release|Any CPU
		{A30646FE-3035-194B-2B1B-677C53B0CD86}.Debug|Any CPU.ActiveCfg = Debug|Any CPU
		{A30646FE-3035-194B-2B1B-677C53B0CD86}.Debug|Any CPU.Build.0 = Debug|Any CPU
		{A30646FE-3035-194B-2B1B-677C53B0CD86}.Release|Any CPU.ActiveCfg = Release|Any CPU
		{A30646FE-3035-194B-2B1B-677C53B0CD86}.Release|Any CPU.Build.0 = Release|Any CPU
		{EFA2A004-19F6-1CDB-321A-7EC7E16E51ED}.Debug|Any CPU.ActiveCfg = Debug|Any CPU
		{EFA2A004-19F6-1CDB-321A-7EC7E16E51ED}.Debug|Any CPU.Build.0 = Debug|Any CPU
		{EFA2A004-19F6-1CDB-321A-7EC7E16E51ED}.Release|Any CPU.ActiveCfg = Release|Any CPU
		{EFA2A004-19F6-1CDB-321A-7EC7E16E51ED}.Release|Any CPU.Build.0 = Release|Any CPU
		{4108ECDD-2D5F-4E87-8221-31C2197A1C1E}.Debug|Any CPU.ActiveCfg = Debug|Any CPU
		{4108ECDD-2D5F-4E87-8221-31C2197A1C1E}.Debug|Any CPU.Build.0 = Debug|Any CPU
		{4108ECDD-2D5F-4E87-8221-31C2197A1C1E}.Release|Any CPU.ActiveCfg = Release|Any CPU
		{4108ECDD-2D5F-4E87-8221-31C2197A1C1E}.Release|Any CPU.Build.0 = Release|Any CPU
		{F633DF04-A142-14F7-F2FD-65229031D0DF}.Debug|Any CPU.ActiveCfg = Debug|Any CPU
		{F633DF04-A142-14F7-F2FD-65229031D0DF}.Debug|Any CPU.Build.0 = Debug|Any CPU
		{F633DF04-A142-14F7-F2FD-65229031D0DF}.Release|Any CPU.ActiveCfg = Release|Any CPU
		{F633DF04-A142-14F7-F2FD-65229031D0DF}.Release|Any CPU.Build.0 = Release|Any CPU
		{C3538381-609A-1BCE-BF47-68A0DC55955A}.Debug|Any CPU.ActiveCfg = Debug|Any CPU
		{C3538381-609A-1BCE-BF47-68A0DC55955A}.Debug|Any CPU.Build.0 = Debug|Any CPU
		{C3538381-609A-1BCE-BF47-68A0DC55955A}.Release|Any CPU.ActiveCfg = Release|Any CPU
		{C3538381-609A-1BCE-BF47-68A0DC55955A}.Release|Any CPU.Build.0 = Release|Any CPU
		{331834D7-2289-5BAA-0D40-EEE931C79D33}.Debug|Any CPU.ActiveCfg = Debug|Any CPU
		{331834D7-2289-5BAA-0D40-EEE931C79D33}.Debug|Any CPU.Build.0 = Debug|Any CPU
		{331834D7-2289-5BAA-0D40-EEE931C79D33}.Release|Any CPU.ActiveCfg = Release|Any CPU
		{331834D7-2289-5BAA-0D40-EEE931C79D33}.Release|Any CPU.Build.0 = Release|Any CPU
		{260A378C-2E66-AE06-DBEE-5A511CDB6FFB}.Debug|Any CPU.ActiveCfg = Debug|Any CPU
		{260A378C-2E66-AE06-DBEE-5A511CDB6FFB}.Debug|Any CPU.Build.0 = Debug|Any CPU
		{260A378C-2E66-AE06-DBEE-5A511CDB6FFB}.Release|Any CPU.ActiveCfg = Release|Any CPU
		{260A378C-2E66-AE06-DBEE-5A511CDB6FFB}.Release|Any CPU.Build.0 = Release|Any CPU
	EndGlobalSection
	GlobalSection(SolutionProperties) = preSolution
		HideSolutionNode = FALSE
	EndGlobalSection
	GlobalSection(NestedProjects) = preSolution
		{DA76ABCD-A1D5-4272-A2FF-A9050518EC0F} = {02EA681E-C7D8-13C7-8484-4AC65E1B71E8}
		{253F4172-799A-4EC2-86E4-139D7DCB814E} = {4D36698D-8AB2-4C31-8C0F-9E7C59819B5A}
		{0401602B-3071-474B-9D69-AB7B47ACAF45} = {02EA681E-C7D8-13C7-8484-4AC65E1B71E8}
		{C8BCD3F5-CDC8-4AEC-8F9F-C8EE48601E6E} = {02EA681E-C7D8-13C7-8484-4AC65E1B71E8}
		{826F2A12-1AC9-80EC-8972-6C912D8D1E72} = {C49B0C9D-6D45-467A-918B-C74FF8D7C441}
		{68D92830-A62C-0317-4258-637269528162} = {C49B0C9D-6D45-467A-918B-C74FF8D7C441}
		{A30646FE-3035-194B-2B1B-677C53B0CD86} = {C49B0C9D-6D45-467A-918B-C74FF8D7C441}
		{EFA2A004-19F6-1CDB-321A-7EC7E16E51ED} = {C49B0C9D-6D45-467A-918B-C74FF8D7C441}
		{4108ECDD-2D5F-4E87-8221-31C2197A1C1E} = {77F92B34-F913-447F-A2A4-2C2633D2468D}
		{C49B0C9D-6D45-467A-918B-C74FF8D7C441} = {8615A254-CFE7-4CA9-8567-13A76318B0F2}
		{77F92B34-F913-447F-A2A4-2C2633D2468D} = {8615A254-CFE7-4CA9-8567-13A76318B0F2}
		{2A62B3B4-4C72-4DC6-BC9A-6E52080FCD10} = {8615A254-CFE7-4CA9-8567-13A76318B0F2}
		{F633DF04-A142-14F7-F2FD-65229031D0DF} = {2A62B3B4-4C72-4DC6-BC9A-6E52080FCD10}
		{C3538381-609A-1BCE-BF47-68A0DC55955A} = {2A62B3B4-4C72-4DC6-BC9A-6E52080FCD10}
		{331834D7-2289-5BAA-0D40-EEE931C79D33} = {2A62B3B4-4C72-4DC6-BC9A-6E52080FCD10}
		{260A378C-2E66-AE06-DBEE-5A511CDB6FFB} = {2A62B3B4-4C72-4DC6-BC9A-6E52080FCD10}
	EndGlobalSection
	GlobalSection(ExtensibilityGlobals) = postSolution
		SolutionGuid = {F428A092-17AE-4354-8BE9-E367B67913F5}
	EndGlobalSection
EndGlobal
